
Microsoft Visual Studio Solution File, Format Version 12.00
# Visual Studio Version 16
VisualStudioVersion = 16.0.30114.105
MinimumVisualStudioVersion = 10.0.40219.1
Project("{FAE04EC0-301F-11D3-BF4B-00C04F79EFBC}") = "API", "API\API.csproj", "{99F9D8CC-C6B7-4B28-8F82-99C0E8A125BB}"
EndProject
Project("{FAE04EC0-301F-11D3-BF4B-00C04F79EFBC}") = "Core", "Core\Core.csproj", "{9AA4F3B6-180B-4CDD-A21F-9660C0619D6F}"
EndProject
Project("{FAE04EC0-301F-11D3-BF4B-00C04F79EFBC}") = "Infrastructure", "Infrastructure\Infrastructure.csproj", "{6CF2234E-5073-444B-945A-DEC45EAE33C7}"
EndProject
Global
	GlobalSection(SolutionConfigurationPlatforms) = preSolution
		Debug|Any CPU = Debug|Any CPU
		Release|Any CPU = Release|Any CPU
	EndGlobalSection
	GlobalSection(SolutionProperties) = preSolution
		HideSolutionNode = FALSE
	EndGlobalSection
	GlobalSection(ProjectConfigurationPlatforms) = postSolution
		{99F9D8CC-C6B7-4B28-8F82-99C0E8A125BB}.Debug|Any CPU.ActiveCfg = Debug|Any CPU
		{99F9D8CC-C6B7-4B28-8F82-99C0E8A125BB}.Debug|Any CPU.Build.0 = Debug|Any CPU
		{99F9D8CC-C6B7-4B28-8F82-99C0E8A125BB}.Release|Any CPU.ActiveCfg = Release|Any CPU
		{99F9D8CC-C6B7-4B28-8F82-99C0E8A125BB}.Release|Any CPU.Build.0 = Release|Any CPU
		{9AA4F3B6-180B-4CDD-A21F-9660C0619D6F}.Debug|Any CPU.ActiveCfg = Debug|Any CPU
		{9AA4F3B6-180B-4CDD-A21F-9660C0619D6F}.Debug|Any CPU.Build.0 = Debug|Any CPU
		{9AA4F3B6-180B-4CDD-A21F-9660C0619D6F}.Release|Any CPU.ActiveCfg = Release|Any CPU
		{9AA4F3B6-180B-4CDD-A21F-9660C0619D6F}.Release|Any CPU.Build.0 = Release|Any CPU
		{6CF2234E-5073-444B-945A-DEC45EAE33C7}.Debug|Any CPU.ActiveCfg = Debug|Any CPU
		{6CF2234E-5073-444B-945A-DEC45EAE33C7}.Debug|Any CPU.Build.0 = Debug|Any CPU
		{6CF2234E-5073-444B-945A-DEC45EAE33C7}.Release|Any CPU.ActiveCfg = Release|Any CPU
		{6CF2234E-5073-444B-945A-DEC45EAE33C7}.Release|Any CPU.Build.0 = Release|Any CPU
	EndGlobalSection
EndGlobal
